
Microsoft Visual Studio Solution File, Format Version 12.00
# Visual Studio Version 17
VisualStudioVersion = 17.0.32014.148
MinimumVisualStudioVersion = 10.0.40219.1
Project("{FAE04EC0-301F-11D3-BF4B-00C04F79EFBC}") = "ClassesAndObjects", "ClassesAndObjects\ClassesAndObjects.csproj", "{294E432F-E380-4EAF-A95E-A30D30602730}"
EndProject
Global
	GlobalSection(SolutionConfigurationPlatforms) = preSolution
		Debug|Any CPU = Debug|Any CPU
		Release|Any CPU = Release|Any CPU
	EndGlobalSection
	GlobalSection(ProjectConfigurationPlatforms) = postSolution
		{294E432F-E380-4EAF-A95E-A30D30602730}.Debug|Any CPU.ActiveCfg = Debug|Any CPU
		{294E432F-E380-4EAF-A95E-A30D30602730}.Debug|Any CPU.Build.0 = Debug|Any CPU
		{294E432F-E380-4EAF-A95E-A30D30602730}.Release|Any CPU.ActiveCfg = Release|Any CPU
		{294E432F-E380-4EAF-A95E-A30D30602730}.Release|Any CPU.Build.0 = Release|Any CPU
	EndGlobalSection
	GlobalSection(SolutionProperties) = preSolution
		HideSolutionNode = FALSE
	EndGlobalSection
	GlobalSection(ExtensibilityGlobals) = postSolution
		SolutionGuid = {A3084C7A-62B0-45FB-A42E-30F7C088B952}
	EndGlobalSection
EndGlobal
