
Microsoft Visual Studio Solution File, Format Version 12.00
# Visual Studio Version 17
VisualStudioVersion = 17.0.32014.148
MinimumVisualStudioVersion = 10.0.40219.1
Project("{FAE04EC0-301F-11D3-BF4B-00C04F79EFBC}") = "HelloWorld", "HelloWorld\HelloWorld.csproj", "{28FDE752-A9A1-4A28-B391-022F4E1D9DAB}"
EndProject
Global
	GlobalSection(SolutionConfigurationPlatforms) = preSolution
		Debug|Any CPU = Debug|Any CPU
		Release|Any CPU = Release|Any CPU
	EndGlobalSection
	GlobalSection(ProjectConfigurationPlatforms) = postSolution
		{28FDE752-A9A1-4A28-B391-022F4E1D9DAB}.Debug|Any CPU.ActiveCfg = Debug|Any CPU
		{28FDE752-A9A1-4A28-B391-022F4E1D9DAB}.Debug|Any CPU.Build.0 = Debug|Any CPU
		{28FDE752-A9A1-4A28-B391-022F4E1D9DAB}.Release|Any CPU.ActiveCfg = Release|Any CPU
		{28FDE752-A9A1-4A28-B391-022F4E1D9DAB}.Release|Any CPU.Build.0 = Release|Any CPU
	EndGlobalSection
	GlobalSection(SolutionProperties) = preSolution
		HideSolutionNode = FALSE
	EndGlobalSection
	GlobalSection(ExtensibilityGlobals) = postSolution
		SolutionGuid = {50C8BAB6-6955-49B4-B4FA-A02AC85E0CBA}
	EndGlobalSection
EndGlobal
